
Microsoft Visual Studio Solution File, Format Version 12.00
# Visual Studio Version 17
VisualStudioVersion = 17.6.33815.320
MinimumVisualStudioVersion = 10.0.40219.1
Project("{FAE04EC0-301F-11D3-BF4B-00C04F79EFBC}") = "mymoviesdb", "mymoviesdb\mymoviesdb.csproj", "{2491204B-3428-4AC8-BA90-B53A896BD812}"
EndProject
Global
	GlobalSection(SolutionConfigurationPlatforms) = preSolution
		Debug|Any CPU = Debug|Any CPU
		Release|Any CPU = Release|Any CPU
	EndGlobalSection
	GlobalSection(ProjectConfigurationPlatforms) = postSolution
		{2491204B-3428-4AC8-BA90-B53A896BD812}.Debug|Any CPU.ActiveCfg = Debug|Any CPU
		{2491204B-3428-4AC8-BA90-B53A896BD812}.Debug|Any CPU.Build.0 = Debug|Any CPU
		{2491204B-3428-4AC8-BA90-B53A896BD812}.Release|Any CPU.ActiveCfg = Release|Any CPU
		{2491204B-3428-4AC8-BA90-B53A896BD812}.Release|Any CPU.Build.0 = Release|Any CPU
	EndGlobalSection
	GlobalSection(SolutionProperties) = preSolution
		HideSolutionNode = FALSE
	EndGlobalSection
	GlobalSection(ExtensibilityGlobals) = postSolution
		SolutionGuid = {185D056B-C28B-4622-B230-A03CEC157A41}
	EndGlobalSection
EndGlobal
